// !$*UTF8*$!
{
	archiveVersion = 1;
	classes = {
	};
	objectVersion = 55;
	objects = {

/* Begin PBXBuildFile section */
		3C31487127C6AFCB006986FF /* AppDelegate.swift in Sources */ = {isa = PBXBuildFile; fileRef = 3C31487027C6AFCB006986FF /* AppDelegate.swift */; };
		3C31487327C6AFCB006986FF /* SceneDelegate.swift in Sources */ = {isa = PBXBuildFile; fileRef = 3C31487227C6AFCB006986FF /* SceneDelegate.swift */; };
		3C31487527C6AFCB006986FF /* ViewController.swift in Sources */ = {isa = PBXBuildFile; fileRef = 3C31487427C6AFCB006986FF /* ViewController.swift */; };
		3C31487827C6AFCB006986FF /* Main.storyboard in Resources */ = {isa = PBXBuildFile; fileRef = 3C31487627C6AFCB006986FF /* Main.storyboard */; };
		3C31487A27C6AFCE006986FF /* Assets.xcassets in Resources */ = {isa = PBXBuildFile; fileRef = 3C31487927C6AFCE006986FF /* Assets.xcassets */; };
		3C31487D27C6AFCE006986FF /* LaunchScreen.storyboard in Resources */ = {isa = PBXBuildFile; fileRef = 3C31487B27C6AFCE006986FF /* LaunchScreen.storyboard */; };
		3C31488527C6BD83006986FF /* CashRegister.swift in Sources */ = {isa = PBXBuildFile; fileRef = 3C31488427C6BD83006986FF /* CashRegister.swift */; };
		3C31488727C717DC006986FF /* ViewControllerManager.swift in Sources */ = {isa = PBXBuildFile; fileRef = 3C31488627C717DC006986FF /* ViewControllerManager.swift */; };
		3C31488A27C71AE2006986FF /* ViewControllerHistory.swift in Sources */ = {isa = PBXBuildFile; fileRef = 3C31488927C71AE2006986FF /* ViewControllerHistory.swift */; };
		3C31488C27C71C17006986FF /* ViewControllerReStock.swift in Sources */ = {isa = PBXBuildFile; fileRef = 3C31488B27C71C17006986FF /* ViewControllerReStock.swift */; };
		3C31488E27C721C0006986FF /* HeadManager.swift in Sources */ = {isa = PBXBuildFile; fileRef = 3C31488D27C721C0006986FF /* HeadManager.swift */; };
/* End PBXBuildFile section */

/* Begin PBXFileReference section */
		3C31486D27C6AFCB006986FF /* BillBuddy.app */ = {isa = PBXFileReference; explicitFileType = wrapper.application; includeInIndex = 0; path = BillBuddy.app; sourceTree = BUILT_PRODUCTS_DIR; };
		3C31487027C6AFCB006986FF /* AppDelegate.swift */ = {isa = PBXFileReference; lastKnownFileType = sourcecode.swift; path = AppDelegate.swift; sourceTree = "<group>"; };
		3C31487227C6AFCB006986FF /* SceneDelegate.swift */ = {isa = PBXFileReference; lastKnownFileType = sourcecode.swift; path = SceneDelegate.swift; sourceTree = "<group>"; };
		3C31487427C6AFCB006986FF /* ViewController.swift */ = {isa = PBXFileReference; lastKnownFileType = sourcecode.swift; path = ViewController.swift; sourceTree = "<group>"; };
		3C31487727C6AFCB006986FF /* Base */ = {isa = PBXFileReference; lastKnownFileType = file.storyboard; name = Base; path = Base.lproj/Main.storyboard; sourceTree = "<group>"; };
		3C31487927C6AFCE006986FF /* Assets.xcassets */ = {isa = PBXFileReference; lastKnownFileType = folder.assetcatalog; path = Assets.xcassets; sourceTree = "<group>"; };
		3C31487C27C6AFCE006986FF /* Base */ = {isa = PBXFileReference; lastKnownFileType = file.storyboard; name = Base; path = Base.lproj/LaunchScreen.storyboard; sourceTree = "<group>"; };
		3C31487E27C6AFCE006986FF /* Info.plist */ = {isa = PBXFileReference; lastKnownFileType = text.plist.xml; path = Info.plist; sourceTree = "<group>"; };
		3C31488427C6BD83006986FF /* CashRegister.swift */ = {isa = PBXFileReference; lastKnownFileType = sourcecode.swift; path = CashRegister.swift; sourceTree = "<group>"; };
		3C31488627C717DC006986FF /* ViewControllerManager.swift */ = {isa = PBXFileReference; lastKnownFileType = sourcecode.swift; path = ViewControllerManager.swift; sourceTree = "<group>"; };
		3C31488927C71AE2006986FF /* ViewControllerHistory.swift */ = {isa = PBXFileReference; lastKnownFileType = sourcecode.swift; path = ViewControllerHistory.swift; sourceTree = "<group>"; };
		3C31488B27C71C17006986FF /* ViewControllerReStock.swift */ = {isa = PBXFileReference; lastKnownFileType = sourcecode.swift; path = ViewControllerReStock.swift; sourceTree = "<group>"; };
		3C31488D27C721C0006986FF /* HeadManager.swift */ = {isa = PBXFileReference; lastKnownFileType = sourcecode.swift; path = HeadManager.swift; sourceTree = "<group>"; };
/* End PBXFileReference section */

/* Begin PBXFrameworksBuildPhase section */
		3C31486A27C6AFCB006986FF /* Frameworks */ = {
			isa = PBXFrameworksBuildPhase;
			buildActionMask = 2147483647;
			files = (
			);
			runOnlyForDeploymentPostprocessing = 0;
		};
/* End PBXFrameworksBuildPhase section */

/* Begin PBXGroup section */
		3C31486427C6AFCB006986FF = {
			isa = PBXGroup;
			children = (
				3C31486F27C6AFCB006986FF /* BillBuddy */,
				3C31486E27C6AFCB006986FF /* Products */,
			);
			sourceTree = "<group>";
		};
		3C31486E27C6AFCB006986FF /* Products */ = {
			isa = PBXGroup;
			children = (
				3C31486D27C6AFCB006986FF /* BillBuddy.app */,
			);
			name = Products;
			sourceTree = "<group>";
		};
		3C31486F27C6AFCB006986FF /* BillBuddy */ = {
			isa = PBXGroup;
			children = (
				3C31487027C6AFCB006986FF /* AppDelegate.swift */,
				3C31487227C6AFCB006986FF /* SceneDelegate.swift */,
				3C31488827C7181C006986FF /* ViewControllers */,
				3C31487627C6AFCB006986FF /* Main.storyboard */,
				3C31487927C6AFCE006986FF /* Assets.xcassets */,
				3C31487B27C6AFCE006986FF /* LaunchScreen.storyboard */,
				3C31487E27C6AFCE006986FF /* Info.plist */,
				3C31488427C6BD83006986FF /* CashRegister.swift */,
				3C31488D27C721C0006986FF /* HeadManager.swift */,
			);
			path = BillBuddy;
			sourceTree = "<group>";
		};
		3C31488827C7181C006986FF /* ViewControllers */ = {
			isa = PBXGroup;
			children = (
				3C31487427C6AFCB006986FF /* ViewController.swift */,
				3C31488627C717DC006986FF /* ViewControllerManager.swift */,
				3C31488927C71AE2006986FF /* ViewControllerHistory.swift */,
				3C31488B27C71C17006986FF /* ViewControllerReStock.swift */,
			);
			path = ViewControllers;
			sourceTree = "<group>";
		};
/* End PBXGroup section */

/* Begin PBXNativeTarget section */
		3C31486C27C6AFCB006986FF /* BillBuddy */ = {
			isa = PBXNativeTarget;
			buildConfigurationList = 3C31488127C6AFCE006986FF /* Build configuration list for PBXNativeTarget "BillBuddy" */;
			buildPhases = (
				3C31486927C6AFCB006986FF /* Sources */,
				3C31486A27C6AFCB006986FF /* Frameworks */,
				3C31486B27C6AFCB006986FF /* Resources */,
			);
			buildRules = (
			);
			dependencies = (
			);
			name = BillBuddy;
			productName = BillBuddy;
			productReference = 3C31486D27C6AFCB006986FF /* BillBuddy.app */;
			productType = "com.apple.product-type.application";
		};
/* End PBXNativeTarget section */

/* Begin PBXProject section */
		3C31486527C6AFCB006986FF /* Project object */ = {
			isa = PBXProject;
			attributes = {
				BuildIndependentTargetsInParallel = 1;
				LastSwiftUpdateCheck = 1320;
				LastUpgradeCheck = 1320;
				TargetAttributes = {
					3C31486C27C6AFCB006986FF = {
						CreatedOnToolsVersion = 13.2.1;
					};
				};
			};
			buildConfigurationList = 3C31486827C6AFCB006986FF /* Build configuration list for PBXProject "BillBuddy" */;
			compatibilityVersion = "Xcode 13.0";
			developmentRegion = en;
			hasScannedForEncodings = 0;
			knownRegions = (
				en,
				Base,
			);
			mainGroup = 3C31486427C6AFCB006986FF;
			productRefGroup = 3C31486E27C6AFCB006986FF /* Products */;
			projectDirPath = "";
			projectRoot = "";
			targets = (
				3C31486C27C6AFCB006986FF /* BillBuddy */,
			);
		};
/* End PBXProject section */

/* Begin PBXResourcesBuildPhase section */
		3C31486B27C6AFCB006986FF /* Resources */ = {
			isa = PBXResourcesBuildPhase;
			buildActionMask = 2147483647;
			files = (
				3C31487D27C6AFCE006986FF /* LaunchScreen.storyboard in Resources */,
				3C31487A27C6AFCE006986FF /* Assets.xcassets in Resources */,
				3C31487827C6AFCB006986FF /* Main.storyboard in Resources */,
			);
			runOnlyForDeploymentPostprocessing = 0;
		};
/* End PBXResourcesBuildPhase section */

/* Begin PBXSourcesBuildPhase section */
		3C31486927C6AFCB006986FF /* Sources */ = {
			isa = PBXSourcesBuildPhase;
			buildActionMask = 2147483647;
			files = (
				3C31488727C717DC006986FF /* ViewControllerManager.swift in Sources */,
				3C31488E27C721C0006986FF /* HeadManager.swift in Sources */,
				3C31488A27C71AE2006986FF /* ViewControllerHistory.swift in Sources */,
				3C31487527C6AFCB006986FF /* ViewController.swift in Sources */,
				3C31488527C6BD83006986FF /* CashRegister.swift in Sources */,
				3C31488C27C71C17006986FF /* ViewControllerReStock.swift in Sources */,
				3C31487127C6AFCB006986FF /* AppDelegate.swift in Sources */,
				3C31487327C6AFCB006986FF /* SceneDelegate.swift in Sources */,
			);
			runOnlyForDeploymentPostprocessing = 0;
		};
/* End PBXSourcesBuildPhase section */

/* Begin PBXVariantGroup section */
		3C31487627C6AFCB006986FF /* Main.storyboard */ = {
			isa = PBXVariantGroup;
			children = (
				3C31487727C6AFCB006986FF /* Base */,
			);
			name = Main.storyboard;
			sourceTree = "<group>";
		};
		3C31487B27C6AFCE006986FF /* LaunchScreen.storyboard */ = {
			isa = PBXVariantGroup;
			children = (
				3C31487C27C6AFCE006986FF /* Base */,
			);
			name = LaunchScreen.storyboard;
			sourceTree = "<group>";
		};
/* End PBXVariantGroup section */

/* Begin XCBuildConfiguration section */
		3C31487F27C6AFCE006986FF /* Debug */ = {
			isa = XCBuildConfiguration;
			buildSettings = {
				ALWAYS_SEARCH_USER_PATHS = NO;
				CLANG_ANALYZER_NONNULL = YES;
				CLANG_ANALYZER_NUMBER_OBJECT_CONVERSION = YES_AGGRESSIVE;
				CLANG_CXX_LANGUAGE_STANDARD = "gnu++17";
				CLANG_CXX_LIBRARY = "libc++";
				CLANG_ENABLE_MODULES = YES;
				CLANG_ENABLE_OBJC_ARC = YES;
				CLANG_ENABLE_OBJC_WEAK = YES;
				CLANG_WARN_BLOCK_CAPTURE_AUTORELEASING = YES;
				CLANG_WARN_BOOL_CONVERSION = YES;
				CLANG_WARN_COMMA = YES;
				CLANG_WARN_CONSTANT_CONVERSION = YES;
				CLANG_WARN_DEPRECATED_OBJC_IMPLEMENTATIONS = YES;
				CLANG_WARN_DIRECT_OBJC_ISA_USAGE = YES_ERROR;
				CLANG_WARN_DOCUMENTATION_COMMENTS = YES;
				CLANG_WARN_EMPTY_BODY = YES;
				CLANG_WARN_ENUM_CONVERSION = YES;
				CLANG_WARN_INFINITE_RECURSION = YES;
				CLANG_WARN_INT_CONVERSION = YES;
				CLANG_WARN_NON_LITERAL_NULL_CONVERSION = YES;
				CLANG_WARN_OBJC_IMPLICIT_RETAIN_SELF = YES;
				CLANG_WARN_OBJC_LITERAL_CONVERSION = YES;
				CLANG_WARN_OBJC_ROOT_CLASS = YES_ERROR;
				CLANG_WARN_QUOTED_INCLUDE_IN_FRAMEWORK_HEADER = YES;
				CLANG_WARN_RANGE_LOOP_ANALYSIS = YES;
				CLANG_WARN_STRICT_PROTOTYPES = YES;
				CLANG_WARN_SUSPICIOUS_MOVE = YES;
				CLANG_WARN_UNGUARDED_AVAILABILITY = YES_AGGRESSIVE;
				CLANG_WARN_UNREACHABLE_CODE = YES;
				CLANG_WARN__DUPLICATE_METHOD_MATCH = YES;
				COPY_PHASE_STRIP = NO;
				DEBUG_INFORMATION_FORMAT = dwarf;
				ENABLE_STRICT_OBJC_MSGSEND = YES;
				ENABLE_TESTABILITY = YES;
				GCC_C_LANGUAGE_STANDARD = gnu11;
				GCC_DYNAMIC_NO_PIC = NO;
				GCC_NO_COMMON_BLOCKS = YES;
				GCC_OPTIMIZATION_LEVEL = 0;
				GCC_PREPROCESSOR_DEFINITIONS = (
					"DEBUG=1",
					"$(inherited)",
				);
				GCC_WARN_64_TO_32_BIT_CONVERSION = YES;
				GCC_WARN_ABOUT_RETURN_TYPE = YES_ERROR;
				GCC_WARN_UNDECLARED_SELECTOR = YES;
				GCC_WARN_UNINITIALIZED_AUTOS = YES_AGGRESSIVE;
				GCC_WARN_UNUSED_FUNCTION = YES;
				GCC_WARN_UNUSED_VARIABLE = YES;
				IPHONEOS_DEPLOYMENT_TARGET = 15.2;
				MTL_ENABLE_DEBUG_INFO = INCLUDE_SOURCE;
				MTL_FAST_MATH = YES;
				ONLY_ACTIVE_ARCH = YES;
				SDKROOT = iphoneos;
				SWIFT_ACTIVE_COMPILATION_CONDITIONS = DEBUG;
				SWIFT_OPTIMIZATION_LEVEL = "-Onone";
			};
			name = Debug;
		};
		3C31488027C6AFCE006986FF /* Release */ = {
			isa = XCBuildConfiguration;
			buildSettings = {
				ALWAYS_SEARCH_USER_PATHS = NO;
				CLANG_ANALYZER_NONNULL = YES;
				CLANG_ANALYZER_NUMBER_OBJECT_CONVERSION = YES_AGGRESSIVE;
				CLANG_CXX_LANGUAGE_STANDARD = "gnu++17";
				CLANG_CXX_LIBRARY = "libc++";
				CLANG_ENABLE_MODULES = YES;
				CLANG_ENABLE_OBJC_ARC = YES;
				CLANG_ENABLE_OBJC_WEAK = YES;
				CLANG_WARN_BLOCK_CAPTURE_AUTORELEASING = YES;
				CLANG_WARN_BOOL_CONVERSION = YES;
				CLANG_WARN_COMMA = YES;
				CLANG_WARN_CONSTANT_CONVERSION = YES;
				CLANG_WARN_DEPRECATED_OBJC_IMPLEMENTATIONS = YES;
				CLANG_WARN_DIRECT_OBJC_ISA_USAGE = YES_ERROR;
				CLANG_WARN_DOCUMENTATION_COMMENTS = YES;
				CLANG_WARN_EMPTY_BODY = YES;
				CLANG_WARN_ENUM_CONVERSION = YES;
				CLANG_WARN_INFINITE_RECURSION = YES;
				CLANG_WARN_INT_CONVERSION = YES;
				CLANG_WARN_NON_LITERAL_NULL_CONVERSION = YES;
				CLANG_WARN_OBJC_IMPLICIT_RETAIN_SELF = YES;
				CLANG_WARN_OBJC_LITERAL_CONVERSION = YES;
				CLANG_WARN_OBJC_ROOT_CLASS = YES_ERROR;
				CLANG_WARN_QUOTED_INCLUDE_IN_FRAMEWORK_HEADER = YES;
				CLANG_WARN_RANGE_LOOP_ANALYSIS = YES;
				CLANG_WARN_STRICT_PROTOTYPES = YES;
				CLANG_WARN_SUSPICIOUS_MOVE = YES;
				CLANG_WARN_UNGUARDED_AVAILABILITY = YES_AGGRESSIVE;
				CLANG_WARN_UNREACHABLE_CODE = YES;
				CLANG_WARN__DUPLICATE_METHOD_MATCH = YES;
				COPY_PHASE_STRIP = NO;
				DEBUG_INFORMATION_FORMAT = "dwarf-with-dsym";
				ENABLE_NS_ASSERTIONS = NO;
				ENABLE_STRICT_OBJC_MSGSEND = YES;
				GCC_C_LANGUAGE_STANDARD = gnu11;
				GCC_NO_COMMON_BLOCKS = YES;
				GCC_WARN_64_TO_32_BIT_CONVERSION = YES;
				GCC_WARN_ABOUT_RETURN_TYPE = YES_ERROR;
				GCC_WARN_UNDECLARED_SELECTOR = YES;
				GCC_WARN_UNINITIALIZED_AUTOS = YES_AGGRESSIVE;
				GCC_WARN_UNUSED_FUNCTION = YES;
				GCC_WARN_UNUSED_VARIABLE = YES;
				IPHONEOS_DEPLOYMENT_TARGET = 15.2;
				MTL_ENABLE_DEBUG_INFO = NO;
				MTL_FAST_MATH = YES;
				SDKROOT = iphoneos;
				SWIFT_COMPILATION_MODE = wholemodule;
				SWIFT_OPTIMIZATION_LEVEL = "-O";
				VALIDATE_PRODUCT = YES;
			};
			name = Release;
		};
		3C31488227C6AFCE006986FF /* Debug */ = {
			isa = XCBuildConfiguration;
			buildSettings = {
				ASSETCATALOG_COMPILER_APPICON_NAME = AppIcon;
				ASSETCATALOG_COMPILER_GLOBAL_ACCENT_COLOR_NAME = AccentColor;
				CODE_SIGN_STYLE = Automatic;
				CURRENT_PROJECT_VERSION = 1;
				GENERATE_INFOPLIST_FILE = YES;
				INFOPLIST_FILE = BillBuddy/Info.plist;
				INFOPLIST_KEY_UIApplicationSupportsIndirectInputEvents = YES;
				INFOPLIST_KEY_UILaunchStoryboardName = LaunchScreen;
				INFOPLIST_KEY_UIMainStoryboardFile = Main;
				INFOPLIST_KEY_UISupportedInterfaceOrientations_iPad = "UIInterfaceOrientationPortrait UIInterfaceOrientationPortraitUpsideDown UIInterfaceOrientationLandscapeLeft UIInterfaceOrientationLandscapeRight";
				INFOPLIST_KEY_UISupportedInterfaceOrientations_iPhone = "UIInterfaceOrientationPortrait UIInterfaceOrientationLandscapeLeft UIInterfaceOrientationLandscapeRight";
				LD_RUNPATH_SEARCH_PATHS = (
					"$(inherited)",
					"@executable_path/Frameworks",
				);
				MARKETING_VERSION = 1.0;
				PRODUCT_BUNDLE_IDENTIFIER = com.BillBuddy;
				PRODUCT_NAME = "$(TARGET_NAME)";
				SWIFT_EMIT_LOC_STRINGS = YES;
				SWIFT_VERSION = 5.0;
				TARGETED_DEVICE_FAMILY = "1,2";
			};
			name = Debug;
		};
		3C31488327C6AFCE006986FF /* Release */ = {
			isa = XCBuildConfiguration;
			buildSettings = {
				ASSETCATALOG_COMPILER_APPICON_NAME = AppIcon;
				ASSETCATALOG_COMPILER_GLOBAL_ACCENT_COLOR_NAME = AccentColor;
				CODE_SIGN_STYLE = Automatic;
				CURRENT_PROJECT_VERSION = 1;
				GENERATE_INFOPLIST_FILE = YES;
				INFOPLIST_FILE = BillBuddy/Info.plist;
				INFOPLIST_KEY_UIApplicationSupportsIndirectInputEvents = YES;
				INFOPLIST_KEY_UILaunchStoryboardName = LaunchScreen;
				INFOPLIST_KEY_UIMainStoryboardFile = Main;
				INFOPLIST_KEY_UISupportedInterfaceOrientations_iPad = "UIInterfaceOrientationPortrait UIInterfaceOrientationPortraitUpsideDown UIInterfaceOrientationLandscapeLeft UIInterfaceOrientationLandscapeRight";
				INFOPLIST_KEY_UISupportedInterfaceOrientations_iPhone = "UIInterfaceOrientationPortrait UIInterfaceOrientationLandscapeLeft UIInterfaceOrientationLandscapeRight";
				LD_RUNPATH_SEARCH_PATHS = (
					"$(inherited)",
					"@executable_path/Frameworks",
				);
				MARKETING_VERSION = 1.0;
				PRODUCT_BUNDLE_IDENTIFIER = com.BillBuddy;
				PRODUCT_NAME = "$(TARGET_NAME)";
				SWIFT_EMIT_LOC_STRINGS = YES;
				SWIFT_VERSION = 5.0;
				TARGETED_DEVICE_FAMILY = "1,2";
			};
			name = Release;
		};
/* End XCBuildConfiguration section */

/* Begin XCConfigurationList section */
		3C31486827C6AFCB006986FF /* Build configuration list for PBXProject "BillBuddy" */ = {
			isa = XCConfigurationList;
			buildConfigurations = (
				3C31487F27C6AFCE006986FF /* Debug */,
				3C31488027C6AFCE006986FF /* Release */,
			);
			defaultConfigurationIsVisible = 0;
			defaultConfigurationName = Release;
		};
		3C31488127C6AFCE006986FF /* Build configuration list for PBXNativeTarget "BillBuddy" */ = {
			isa = XCConfigurationList;
			buildConfigurations = (
				3C31488227C6AFCE006986FF /* Debug */,
				3C31488327C6AFCE006986FF /* Release */,
			);
			defaultConfigurationIsVisible = 0;
			defaultConfigurationName = Release;
		};
/* End XCConfigurationList section */
	};
	rootObject = 3C31486527C6AFCB006986FF /* Project object */;
}
